<?xml version="1.0" encoding="utf-8"?>
<Project ToolsVersion="4.0" xmlns="http://schemas.microsoft.com/developer/msbuild/2003">
  <ItemGroup>
    <Filter Include="Cloud">
      <UniqueIdentifier>{7C8AF80C-E89E-20BE-B120-C41D1DF41CEF}</UniqueIdentifier>
    </Filter>
    <Filter Include="Cloud\Events">
      <UniqueIdentifier>{E012127E-CC75-A122-75FB-D9D8613D6DA5}</UniqueIdentifier>
    </Filter>
    <Filter Include="Platform">
      <UniqueIdentifier>{2AC788B4-1694-E3BF-3FAD-D1672BD9184E}</UniqueIdentifier>
    </Filter>
    <Filter Include="Platform\Windows">
      <UniqueIdentifier>{64FBD71A-50F4-F66C-7926-DCF1657ED678}</UniqueIdentifier>
    </Filter>
  </ItemGroup>
  <ItemGroup>
    <ClInclude Include="src\Cloud\Application.h">
      <Filter>Cloud</Filter>
    </ClInclude>
    <ClInclude Include="src\Cloud\Core.h">
      <Filter>Cloud</Filter>
    </ClInclude>
    <ClInclude Include="src\Cloud\EntryPoint.h">
      <Filter>Cloud</Filter>
    </ClInclude>
    <ClInclude Include="src\Cloud\Events\ApplicationEvent.h">
      <Filter>Cloud\Events</Filter>
    </ClInclude>
    <ClInclude Include="src\Cloud\Events\Event.h">
      <Filter>Cloud\Events</Filter>
    </ClInclude>
    <ClInclude Include="src\Cloud\Events\KeyEvent.h">
      <Filter>Cloud\Events</Filter>
    </ClInclude>
    <ClInclude Include="src\Cloud\Events\MouseEvent.h">
      <Filter>Cloud\Events</Filter>
    </ClInclude>
    <ClInclude Include="src\Cloud\Log.h">
      <Filter>Cloud</Filter>
    </ClInclude>
    <ClInclude Include="src\Cloud\Window.h">
      <Filter>Cloud</Filter>
    </ClInclude>
    <ClInclude Include="src\CloudEngine.h" />
    <ClInclude Include="src\Platform\Windows\WindowsWindow.h">
      <Filter>Platform\Windows</Filter>
    </ClInclude>
    <ClInclude Include="src\cldpch.h" />
  </ItemGroup>
  <ItemGroup>
    <ClCompile Include="src\Cloud\Application.cpp">
      <Filter>Cloud</Filter>
    </ClCompile>
    <ClCompile Include="src\Cloud\Log.cpp">
      <Filter>Cloud</Filter>
    </ClCompile>
    <ClCompile Include="src\Platform\Windows\WindowsWindow.cpp">
      <Filter>Platform\Windows</Filter>
    </ClCompile>
    <ClCompile Include="src\cldpch.cpp" />
  </ItemGroup>
</Project>